
Microsoft Visual Studio Solution File, Format Version 12.00
# Visual Studio Version 16
VisualStudioVersion = 16.0.30002.166
MinimumVisualStudioVersion = 10.0.40219.1
Project("{FAE04EC0-301F-11D3-BF4B-00C04F79EFBC}") = "MNV.ExcelDataToDB", "MNV.ExcelDataToDB\MNV.ExcelDataToDB.csproj", "{3CC05F99-FE8F-4066-B055-59A50CA58448}"
EndProject
Global
	GlobalSection(SolutionConfigurationPlatforms) = preSolution
		Debug|Any CPU = Debug|Any CPU
		Release|Any CPU = Release|Any CPU
	EndGlobalSection
	GlobalSection(ProjectConfigurationPlatforms) = postSolution
		{3CC05F99-FE8F-4066-B055-59A50CA58448}.Debug|Any CPU.ActiveCfg = Debug|Any CPU
		{3CC05F99-FE8F-4066-B055-59A50CA58448}.Debug|Any CPU.Build.0 = Debug|Any CPU
		{3CC05F99-FE8F-4066-B055-59A50CA58448}.Release|Any CPU.ActiveCfg = Release|Any CPU
		{3CC05F99-FE8F-4066-B055-59A50CA58448}.Release|Any CPU.Build.0 = Release|Any CPU
	EndGlobalSection
	GlobalSection(SolutionProperties) = preSolution
		HideSolutionNode = FALSE
	EndGlobalSection
	GlobalSection(ExtensibilityGlobals) = postSolution
		SolutionGuid = {DBBC93AF-C856-4619-9DBD-0614A9A9554B}
	EndGlobalSection
	GlobalSection(TeamFoundationVersionControl) = preSolution
		SccNumberOfProjects = 2
		SccEnterpriseProvider = {4CA58AB2-18FA-4F8D-95D4-32DDF27D184C}
		SccTeamFoundationServer = https://manhnv229.visualstudio.com/
		SccLocalPath0 = .
		SccProjectUniqueName1 = MNV.ExcelDataToDB\\MNV.ExcelDataToDB.csproj
		SccProjectName1 = MNV.ExcelDataToDB
		SccLocalPath1 = MNV.ExcelDataToDB
	EndGlobalSection
EndGlobal
